// !$*UTF8*$!
{
	archiveVersion = 1;
	classes = {
	};
	objectVersion = 46;
	objects = {

/* Begin PBXBuildFile section */
		C41649C61F645E5C0094427F /* AppDelegate.swift in Sources */ = {isa = PBXBuildFile; fileRef = C41649C51F645E5C0094427F /* AppDelegate.swift */; };
		C41649C81F645E5C0094427F /* ViewController.swift in Sources */ = {isa = PBXBuildFile; fileRef = C41649C71F645E5C0094427F /* ViewController.swift */; };
		C41649CB1F645E5C0094427F /* Main.storyboard in Resources */ = {isa = PBXBuildFile; fileRef = C41649C91F645E5C0094427F /* Main.storyboard */; };
		C41649CD1F645E5C0094427F /* Assets.xcassets in Resources */ = {isa = PBXBuildFile; fileRef = C41649CC1F645E5C0094427F /* Assets.xcassets */; };
		C41649D01F645E5C0094427F /* LaunchScreen.storyboard in Resources */ = {isa = PBXBuildFile; fileRef = C41649CE1F645E5C0094427F /* LaunchScreen.storyboard */; };
/* End PBXBuildFile section */

/* Begin PBXFileReference section */
		C41649C21F645E5C0094427F /* Finding the user location.app */ = {isa = PBXFileReference; explicitFileType = wrapper.application; includeInIndex = 0; path = "Finding the user location.app"; sourceTree = BUILT_PRODUCTS_DIR; };
		C41649C51F645E5C0094427F /* AppDelegate.swift */ = {isa = PBXFileReference; lastKnownFileType = sourcecode.swift; path = AppDelegate.swift; sourceTree = "<group>"; };
		C41649C71F645E5C0094427F /* ViewController.swift */ = {isa = PBXFileReference; lastKnownFileType = sourcecode.swift; path = ViewController.swift; sourceTree = "<group>"; };
		C41649CA1F645E5C0094427F /* Base */ = {isa = PBXFileReference; lastKnownFileType = file.storyboard; name = Base; path = Base.lproj/Main.storyboard; sourceTree = "<group>"; };
		C41649CC1F645E5C0094427F /* Assets.xcassets */ = {isa = PBXFileReference; lastKnownFileType = folder.assetcatalog; path = Assets.xcassets; sourceTree = "<group>"; };
		C41649CF1F645E5C0094427F /* Base */ = {isa = PBXFileReference; lastKnownFileType = file.storyboard; name = Base; path = Base.lproj/LaunchScreen.storyboard; sourceTree = "<group>"; };
		C41649D11F645E5C0094427F /* Info.plist */ = {isa = PBXFileReference; lastKnownFileType = text.plist.xml; path = Info.plist; sourceTree = "<group>"; };
/* End PBXFileReference section */

/* Begin PBXFrameworksBuildPhase section */
		C41649BF1F645E5C0094427F /* Frameworks */ = {
			isa = PBXFrameworksBuildPhase;
			buildActionMask = 2147483647;
			files = (
			);
			runOnlyForDeploymentPostprocessing = 0;
		};
/* End PBXFrameworksBuildPhase section */

/* Begin PBXGroup section */
		C41649B91F645E5C0094427F = {
			isa = PBXGroup;
			children = (
				C41649C41F645E5C0094427F /* Finding the user location */,
				C41649C31F645E5C0094427F /* Products */,
			);
			sourceTree = "<group>";
		};
		C41649C31F645E5C0094427F /* Products */ = {
			isa = PBXGroup;
			children = (
				C41649C21F645E5C0094427F /* Finding the user location.app */,
			);
			name = Products;
			sourceTree = "<group>";
		};
		C41649C41F645E5C0094427F /* Finding the user location */ = {
			isa = PBXGroup;
			children = (
				C41649C51F645E5C0094427F /* AppDelegate.swift */,
				C41649C71F645E5C0094427F /* ViewController.swift */,
				C41649C91F645E5C0094427F /* Main.storyboard */,
				C41649CC1F645E5C0094427F /* Assets.xcassets */,
				C41649CE1F645E5C0094427F /* LaunchScreen.storyboard */,
				C41649D11F645E5C0094427F /* Info.plist */,
			);
			path = "Finding the user location";
			sourceTree = "<group>";
		};
/* End PBXGroup section */

/* Begin PBXNativeTarget section */
		C41649C11F645E5C0094427F /* Finding the user location */ = {
			isa = PBXNativeTarget;
			buildConfigurationList = C41649D41F645E5C0094427F /* Build configuration list for PBXNativeTarget "Finding the user location" */;
			buildPhases = (
				C41649BE1F645E5C0094427F /* Sources */,
				C41649BF1F645E5C0094427F /* Frameworks */,
				C41649C01F645E5C0094427F /* Resources */,
			);
			buildRules = (
			);
			dependencies = (
			);
			name = "Finding the user location";
			productName = "Finding the user location";
			productReference = C41649C21F645E5C0094427F /* Finding the user location.app */;
			productType = "com.apple.product-type.application";
		};
/* End PBXNativeTarget section */

/* Begin PBXProject section */
		C41649BA1F645E5C0094427F /* Project object */ = {
			isa = PBXProject;
			attributes = {
				LastSwiftUpdateCheck = 0830;
				LastUpgradeCheck = 0830;
				ORGANIZATIONNAME = "Code Mask";
				TargetAttributes = {
					C41649C11F645E5C0094427F = {
						CreatedOnToolsVersion = 8.3.3;
						ProvisioningStyle = Automatic;
					};
				};
			};
			buildConfigurationList = C41649BD1F645E5C0094427F /* Build configuration list for PBXProject "Finding the user location" */;
			compatibilityVersion = "Xcode 3.2";
			developmentRegion = English;
			hasScannedForEncodings = 0;
			knownRegions = (
				en,
				Base,
			);
			mainGroup = C41649B91F645E5C0094427F;
			productRefGroup = C41649C31F645E5C0094427F /* Products */;
			projectDirPath = "";
			projectRoot = "";
			targets = (
				C41649C11F645E5C0094427F /* Finding the user location */,
			);
		};
/* End PBXProject section */

/* Begin PBXResourcesBuildPhase section */
		C41649C01F645E5C0094427F /* Resources */ = {
			isa = PBXResourcesBuildPhase;
			buildActionMask = 2147483647;
			files = (
				C41649D01F645E5C0094427F /* LaunchScreen.storyboard in Resources */,
				C41649CD1F645E5C0094427F /* Assets.xcassets in Resources */,
				C41649CB1F645E5C0094427F /* Main.storyboard in Resources */,
			);
			runOnlyForDeploymentPostprocessing = 0;
		};
/* End PBXResourcesBuildPhase section */

/* Begin PBXSourcesBuildPhase section */
		C41649BE1F645E5C0094427F /* Sources */ = {
			isa = PBXSourcesBuildPhase;
			buildActionMask = 2147483647;
			files = (
				C41649C81F645E5C0094427F /* ViewController.swift in Sources */,
				C41649C61F645E5C0094427F /* AppDelegate.swift in Sources */,
			);
			runOnlyForDeploymentPostprocessing = 0;
		};
/* End PBXSourcesBuildPhase section */

/* Begin PBXVariantGroup section */
		C41649C91F645E5C0094427F /* Main.storyboard */ = {
			isa = PBXVariantGroup;
			children = (
				C41649CA1F645E5C0094427F /* Base */,
			);
			name = Main.storyboard;
			sourceTree = "<group>";
		};
		C41649CE1F645E5C0094427F /* LaunchScreen.storyboard */ = {
			isa = PBXVariantGroup;
			children = (
				C41649CF1F645E5C0094427F /* Base */,
			);
			name = LaunchScreen.storyboard;
			sourceTree = "<group>";
		};
/* End PBXVariantGroup section */

/* Begin XCBuildConfiguration section */
		C41649D21F645E5C0094427F /* Debug */ = {
			isa = XCBuildConfiguration;
			buildSettings = {
				ALWAYS_SEARCH_USER_PATHS = NO;
				CLANG_ANALYZER_NONNULL = YES;
				CLANG_ANALYZER_NUMBER_OBJECT_CONVERSION = YES_AGGRESSIVE;
				CLANG_CXX_LANGUAGE_STANDARD = "gnu++0x";
				CLANG_CXX_LIBRARY = "libc++";
				CLANG_ENABLE_MODULES = YES;
				CLANG_ENABLE_OBJC_ARC = YES;
				CLANG_WARN_BOOL_CONVERSION = YES;
				CLANG_WARN_CONSTANT_CONVERSION = YES;
				CLANG_WARN_DIRECT_OBJC_ISA_USAGE = YES_ERROR;
				CLANG_WARN_DOCUMENTATION_COMMENTS = YES;
				CLANG_WARN_EMPTY_BODY = YES;
				CLANG_WARN_ENUM_CONVERSION = YES;
				CLANG_WARN_INFINITE_RECURSION = YES;
				CLANG_WARN_INT_CONVERSION = YES;
				CLANG_WARN_OBJC_ROOT_CLASS = YES_ERROR;
				CLANG_WARN_SUSPICIOUS_MOVE = YES;
				CLANG_WARN_UNREACHABLE_CODE = YES;
				CLANG_WARN__DUPLICATE_METHOD_MATCH = YES;
				"CODE_SIGN_IDENTITY[sdk=iphoneos*]" = "iPhone Developer";
				COPY_PHASE_STRIP = NO;
				DEBUG_INFORMATION_FORMAT = dwarf;
				ENABLE_STRICT_OBJC_MSGSEND = YES;
				ENABLE_TESTABILITY = YES;
				GCC_C_LANGUAGE_STANDARD = gnu99;
				GCC_DYNAMIC_NO_PIC = NO;
				GCC_NO_COMMON_BLOCKS = YES;
				GCC_OPTIMIZATION_LEVEL = 0;
				GCC_PREPROCESSOR_DEFINITIONS = (
					"DEBUG=1",
					"$(inherited)",
				);
				GCC_WARN_64_TO_32_BIT_CONVERSION = YES;
				GCC_WARN_ABOUT_RETURN_TYPE = YES_ERROR;
				GCC_WARN_UNDECLARED_SELECTOR = YES;
				GCC_WARN_UNINITIALIZED_AUTOS = YES_AGGRESSIVE;
				GCC_WARN_UNUSED_FUNCTION = YES;
				GCC_WARN_UNUSED_VARIABLE = YES;
				IPHONEOS_DEPLOYMENT_TARGET = 10.3;
				MTL_ENABLE_DEBUG_INFO = YES;
				ONLY_ACTIVE_ARCH = YES;
				SDKROOT = iphoneos;
				SWIFT_ACTIVE_COMPILATION_CONDITIONS = DEBUG;
				SWIFT_OPTIMIZATION_LEVEL = "-Onone";
				TARGETED_DEVICE_FAMILY = "1,2";
			};
			name = Debug;
		};
		C41649D31F645E5C0094427F /* Release */ = {
			isa = XCBuildConfiguration;
			buildSettings = {
				ALWAYS_SEARCH_USER_PATHS = NO;
				CLANG_ANALYZER_NONNULL = YES;
				CLANG_ANALYZER_NUMBER_OBJECT_CONVERSION = YES_AGGRESSIVE;
				CLANG_CXX_LANGUAGE_STANDARD = "gnu++0x";
				CLANG_CXX_LIBRARY = "libc++";
				CLANG_ENABLE_MODULES = YES;
				CLANG_ENABLE_OBJC_ARC = YES;
				CLANG_WARN_BOOL_CONVERSION = YES;
				CLANG_WARN_CONSTANT_CONVERSION = YES;
				CLANG_WARN_DIRECT_OBJC_ISA_USAGE = YES_ERROR;
				CLANG_WARN_DOCUMENTATION_COMMENTS = YES;
				CLANG_WARN_EMPTY_BODY = YES;
				CLANG_WARN_ENUM_CONVERSION = YES;
				CLANG_WARN_INFINITE_RECURSION = YES;
				CLANG_WARN_INT_CONVERSION = YES;
				CLANG_WARN_OBJC_ROOT_CLASS = YES_ERROR;
				CLANG_WARN_SUSPICIOUS_MOVE = YES;
				CLANG_WARN_UNREACHABLE_CODE = YES;
				CLANG_WARN__DUPLICATE_METHOD_MATCH = YES;
				"CODE_SIGN_IDENTITY[sdk=iphoneos*]" = "iPhone Developer";
				COPY_PHASE_STRIP = NO;
				DEBUG_INFORMATION_FORMAT = "dwarf-with-dsym";
				ENABLE_NS_ASSERTIONS = NO;
				ENABLE_STRICT_OBJC_MSGSEND = YES;
				GCC_C_LANGUAGE_STANDARD = gnu99;
				GCC_NO_COMMON_BLOCKS = YES;
				GCC_WARN_64_TO_32_BIT_CONVERSION = YES;
				GCC_WARN_ABOUT_RETURN_TYPE = YES_ERROR;
				GCC_WARN_UNDECLARED_SELECTOR = YES;
				GCC_WARN_UNINITIALIZED_AUTOS = YES_AGGRESSIVE;
				GCC_WARN_UNUSED_FUNCTION = YES;
				GCC_WARN_UNUSED_VARIABLE = YES;
				IPHONEOS_DEPLOYMENT_TARGET = 10.3;
				MTL_ENABLE_DEBUG_INFO = NO;
				SDKROOT = iphoneos;
				SWIFT_OPTIMIZATION_LEVEL = "-Owholemodule";
				TARGETED_DEVICE_FAMILY = "1,2";
				VALIDATE_PRODUCT = YES;
			};
			name = Release;
		};
		C41649D51F645E5C0094427F /* Debug */ = {
			isa = XCBuildConfiguration;
			buildSettings = {
				ASSETCATALOG_COMPILER_APPICON_NAME = AppIcon;
				INFOPLIST_FILE = "Finding the user location/Info.plist";
				LD_RUNPATH_SEARCH_PATHS = "$(inherited) @executable_path/Frameworks";
				PRODUCT_BUNDLE_IDENTIFIER = "com.codemask.Finding-the-user-location";
				PRODUCT_NAME = "$(TARGET_NAME)";
				SWIFT_VERSION = 3.0;
			};
			name = Debug;
		};
		C41649D61F645E5C0094427F /* Release */ = {
			isa = XCBuildConfiguration;
			buildSettings = {
				ASSETCATALOG_COMPILER_APPICON_NAME = AppIcon;
				INFOPLIST_FILE = "Finding the user location/Info.plist";
				LD_RUNPATH_SEARCH_PATHS = "$(inherited) @executable_path/Frameworks";
				PRODUCT_BUNDLE_IDENTIFIER = "com.codemask.Finding-the-user-location";
				PRODUCT_NAME = "$(TARGET_NAME)";
				SWIFT_VERSION = 3.0;
			};
			name = Release;
		};
/* End XCBuildConfiguration section */

/* Begin XCConfigurationList section */
		C41649BD1F645E5C0094427F /* Build configuration list for PBXProject "Finding the user location" */ = {
			isa = XCConfigurationList;
			buildConfigurations = (
				C41649D21F645E5C0094427F /* Debug */,
				C41649D31F645E5C0094427F /* Release */,
			);
			defaultConfigurationIsVisible = 0;
			defaultConfigurationName = Release;
		};
		C41649D41F645E5C0094427F /* Build configuration list for PBXNativeTarget "Finding the user location" */ = {
			isa = XCConfigurationList;
			buildConfigurations = (
				C41649D51F645E5C0094427F /* Debug */,
				C41649D61F645E5C0094427F /* Release */,
			);
			defaultConfigurationIsVisible = 0;
		};
/* End XCConfigurationList section */
	};
	rootObject = C41649BA1F645E5C0094427F /* Project object */;
}
